// !$*UTF8*$!
{
	archiveVersion = 1;
	classes = {
	};
	objectVersion = 51;
	objects = {

/* Begin PBXBuildFile section */
		7804952C26077DA000CB7051 /* UICollectionViewCell + identifier.swift in Sources */ = {isa = PBXBuildFile; fileRef = 7804952B26077DA000CB7051 /* UICollectionViewCell + identifier.swift */; };
		78C25583260A4E9B002E9249 /* SelectorCollectionViewCell.swift in Sources */ = {isa = PBXBuildFile; fileRef = 78C25582260A4E9B002E9249 /* SelectorCollectionViewCell.swift */; };
		78C25587260A508D002E9249 /* ImageCollectionViewCell.swift in Sources */ = {isa = PBXBuildFile; fileRef = 78C25586260A508D002E9249 /* ImageCollectionViewCell.swift */; };
		78C2558A260A5139002E9249 /* TextCollectionViewCell.swift in Sources */ = {isa = PBXBuildFile; fileRef = 78C25589260A5139002E9249 /* TextCollectionViewCell.swift */; };
		78D8E2B2260656A700DBC662 /* ViewModel.swift in Sources */ = {isa = PBXBuildFile; fileRef = 78D8E2B1260656A700DBC662 /* ViewModel.swift */; };
		78D8E2B92606602E00DBC662 /* Model.swift in Sources */ = {isa = PBXBuildFile; fileRef = 78D8E2B82606602E00DBC662 /* Model.swift */; };
		78D8E2BD260660B400DBC662 /* Sample.json in Resources */ = {isa = PBXBuildFile; fileRef = 78D8E2BC260660B400DBC662 /* Sample.json */; };
		78F04FB0260602CB0001F53B /* AppDelegate.swift in Sources */ = {isa = PBXBuildFile; fileRef = 78F04FAF260602CB0001F53B /* AppDelegate.swift */; };
		78F04FB2260602CB0001F53B /* SceneDelegate.swift in Sources */ = {isa = PBXBuildFile; fileRef = 78F04FB1260602CB0001F53B /* SceneDelegate.swift */; };
		78F04FB4260602CB0001F53B /* ViewController.swift in Sources */ = {isa = PBXBuildFile; fileRef = 78F04FB3260602CB0001F53B /* ViewController.swift */; };
		78F04FB7260602CB0001F53B /* Main.storyboard in Resources */ = {isa = PBXBuildFile; fileRef = 78F04FB5260602CB0001F53B /* Main.storyboard */; };
		78F04FB9260602CB0001F53B /* Assets.xcassets in Resources */ = {isa = PBXBuildFile; fileRef = 78F04FB8260602CB0001F53B /* Assets.xcassets */; };
		78F04FBC260602CB0001F53B /* LaunchScreen.storyboard in Resources */ = {isa = PBXBuildFile; fileRef = 78F04FBA260602CB0001F53B /* LaunchScreen.storyboard */; };
		FCC90712711B2B2AAA8BCDE3 /* Pods_PryanikiTestProject.framework in Frameworks */ = {isa = PBXBuildFile; fileRef = 3443932E8B2A11F168452BFF /* Pods_PryanikiTestProject.framework */; };
/* End PBXBuildFile section */

/* Begin PBXFileReference section */
		1804F6D3734A90029BFE000F /* Pods-PryanikiTestProject.debug.xcconfig */ = {isa = PBXFileReference; includeInIndex = 1; lastKnownFileType = text.xcconfig; name = "Pods-PryanikiTestProject.debug.xcconfig"; path = "Target Support Files/Pods-PryanikiTestProject/Pods-PryanikiTestProject.debug.xcconfig"; sourceTree = "<group>"; };
		3443932E8B2A11F168452BFF /* Pods_PryanikiTestProject.framework */ = {isa = PBXFileReference; explicitFileType = wrapper.framework; includeInIndex = 0; path = Pods_PryanikiTestProject.framework; sourceTree = BUILT_PRODUCTS_DIR; };
		7804952B26077DA000CB7051 /* UICollectionViewCell + identifier.swift */ = {isa = PBXFileReference; lastKnownFileType = sourcecode.swift; path = "UICollectionViewCell + identifier.swift"; sourceTree = "<group>"; };
		78C25582260A4E9B002E9249 /* SelectorCollectionViewCell.swift */ = {isa = PBXFileReference; lastKnownFileType = sourcecode.swift; path = SelectorCollectionViewCell.swift; sourceTree = "<group>"; };
		78C25586260A508D002E9249 /* ImageCollectionViewCell.swift */ = {isa = PBXFileReference; lastKnownFileType = sourcecode.swift; path = ImageCollectionViewCell.swift; sourceTree = "<group>"; };
		78C25589260A5139002E9249 /* TextCollectionViewCell.swift */ = {isa = PBXFileReference; lastKnownFileType = sourcecode.swift; path = TextCollectionViewCell.swift; sourceTree = "<group>"; };
		78D8E2B1260656A700DBC662 /* ViewModel.swift */ = {isa = PBXFileReference; lastKnownFileType = sourcecode.swift; path = ViewModel.swift; sourceTree = "<group>"; };
		78D8E2B82606602E00DBC662 /* Model.swift */ = {isa = PBXFileReference; lastKnownFileType = sourcecode.swift; path = Model.swift; sourceTree = "<group>"; };
		78D8E2BC260660B400DBC662 /* Sample.json */ = {isa = PBXFileReference; lastKnownFileType = text.json; path = Sample.json; sourceTree = "<group>"; };
		78F04FAC260602CB0001F53B /* PryanikiTestProject.app */ = {isa = PBXFileReference; explicitFileType = wrapper.application; includeInIndex = 0; path = PryanikiTestProject.app; sourceTree = BUILT_PRODUCTS_DIR; };
		78F04FAF260602CB0001F53B /* AppDelegate.swift */ = {isa = PBXFileReference; lastKnownFileType = sourcecode.swift; path = AppDelegate.swift; sourceTree = "<group>"; };
		78F04FB1260602CB0001F53B /* SceneDelegate.swift */ = {isa = PBXFileReference; lastKnownFileType = sourcecode.swift; path = SceneDelegate.swift; sourceTree = "<group>"; };
		78F04FB3260602CB0001F53B /* ViewController.swift */ = {isa = PBXFileReference; lastKnownFileType = sourcecode.swift; path = ViewController.swift; sourceTree = "<group>"; };
		78F04FB6260602CB0001F53B /* Base */ = {isa = PBXFileReference; lastKnownFileType = file.storyboard; name = Base; path = Base.lproj/Main.storyboard; sourceTree = "<group>"; };
		78F04FB8260602CB0001F53B /* Assets.xcassets */ = {isa = PBXFileReference; lastKnownFileType = folder.assetcatalog; path = Assets.xcassets; sourceTree = "<group>"; };
		78F04FBB260602CB0001F53B /* Base */ = {isa = PBXFileReference; lastKnownFileType = file.storyboard; name = Base; path = Base.lproj/LaunchScreen.storyboard; sourceTree = "<group>"; };
		78F04FBD260602CB0001F53B /* Info.plist */ = {isa = PBXFileReference; lastKnownFileType = text.plist.xml; path = Info.plist; sourceTree = "<group>"; };
		B54A95AF6BE342F96DF14527 /* Pods-PryanikiTestProject.release.xcconfig */ = {isa = PBXFileReference; includeInIndex = 1; lastKnownFileType = text.xcconfig; name = "Pods-PryanikiTestProject.release.xcconfig"; path = "Target Support Files/Pods-PryanikiTestProject/Pods-PryanikiTestProject.release.xcconfig"; sourceTree = "<group>"; };
/* End PBXFileReference section */

/* Begin PBXFrameworksBuildPhase section */
		78F04FA9260602CB0001F53B /* Frameworks */ = {
			isa = PBXFrameworksBuildPhase;
			buildActionMask = 2147483647;
			files = (
				FCC90712711B2B2AAA8BCDE3 /* Pods_PryanikiTestProject.framework in Frameworks */,
			);
			runOnlyForDeploymentPostprocessing = 0;
		};
/* End PBXFrameworksBuildPhase section */

/* Begin PBXGroup section */
		2AD9D70690B27DE95590717F /* Pods */ = {
			isa = PBXGroup;
			children = (
				1804F6D3734A90029BFE000F /* Pods-PryanikiTestProject.debug.xcconfig */,
				B54A95AF6BE342F96DF14527 /* Pods-PryanikiTestProject.release.xcconfig */,
			);
			path = Pods;
			sourceTree = "<group>";
		};
		78D8E2AD2606566500DBC662 /* App Lifecycle */ = {
			isa = PBXGroup;
			children = (
				78F04FAF260602CB0001F53B /* AppDelegate.swift */,
				78F04FB1260602CB0001F53B /* SceneDelegate.swift */,
			);
			path = "App Lifecycle";
			sourceTree = "<group>";
		};
		78D8E2AF2606567300DBC662 /* View */ = {
			isa = PBXGroup;
			children = (
				78F04FB3260602CB0001F53B /* ViewController.swift */,
				7804952B26077DA000CB7051 /* UICollectionViewCell + identifier.swift */,
				78C25582260A4E9B002E9249 /* SelectorCollectionViewCell.swift */,
				78C25586260A508D002E9249 /* ImageCollectionViewCell.swift */,
				78C25589260A5139002E9249 /* TextCollectionViewCell.swift */,
			);
			path = View;
			sourceTree = "<group>";
		};
		78D8E2B02606568300DBC662 /* Storyboards */ = {
			isa = PBXGroup;
			children = (
				78F04FB5260602CB0001F53B /* Main.storyboard */,
				78F04FBA260602CB0001F53B /* LaunchScreen.storyboard */,
			);
			path = Storyboards;
			sourceTree = "<group>";
		};
		78D8E2B5260656AC00DBC662 /* ViewModel */ = {
			isa = PBXGroup;
			children = (
				78D8E2B1260656A700DBC662 /* ViewModel.swift */,
			);
			path = ViewModel;
			sourceTree = "<group>";
		};
		78D8E2B7260656F500DBC662 /* Model */ = {
			isa = PBXGroup;
			children = (
				78D8E2B82606602E00DBC662 /* Model.swift */,
				78D8E2BC260660B400DBC662 /* Sample.json */,
			);
			path = Model;
			sourceTree = "<group>";
		};
		78F04FA3260602CB0001F53B = {
			isa = PBXGroup;
			children = (
				78F04FAE260602CB0001F53B /* PryanikiTestProject */,
				78F04FAD260602CB0001F53B /* Products */,
				2AD9D70690B27DE95590717F /* Pods */,
				FF2FAF9E5292DDBAB9790DF9 /* Frameworks */,
			);
			sourceTree = "<group>";
		};
		78F04FAD260602CB0001F53B /* Products */ = {
			isa = PBXGroup;
			children = (
				78F04FAC260602CB0001F53B /* PryanikiTestProject.app */,
			);
			name = Products;
			sourceTree = "<group>";
		};
		78F04FAE260602CB0001F53B /* PryanikiTestProject */ = {
			isa = PBXGroup;
			children = (
				78D8E2AD2606566500DBC662 /* App Lifecycle */,
				78D8E2B02606568300DBC662 /* Storyboards */,
				78D8E2B7260656F500DBC662 /* Model */,
				78D8E2AF2606567300DBC662 /* View */,
				78D8E2B5260656AC00DBC662 /* ViewModel */,
				78F04FB8260602CB0001F53B /* Assets.xcassets */,
				78F04FBD260602CB0001F53B /* Info.plist */,
			);
			path = PryanikiTestProject;
			sourceTree = "<group>";
		};
		FF2FAF9E5292DDBAB9790DF9 /* Frameworks */ = {
			isa = PBXGroup;
			children = (
				3443932E8B2A11F168452BFF /* Pods_PryanikiTestProject.framework */,
			);
			name = Frameworks;
			sourceTree = "<group>";
		};
/* End PBXGroup section */

/* Begin PBXNativeTarget section */
		78F04FAB260602CB0001F53B /* PryanikiTestProject */ = {
			isa = PBXNativeTarget;
			buildConfigurationList = 78F04FC0260602CB0001F53B /* Build configuration list for PBXNativeTarget "PryanikiTestProject" */;
			buildPhases = (
				42475C4ACB079DFE825EB46B /* [CP] Check Pods Manifest.lock */,
				78F04FA8260602CB0001F53B /* Sources */,
				78F04FA9260602CB0001F53B /* Frameworks */,
				78F04FAA260602CB0001F53B /* Resources */,
				9EA4F90FEDADF060E5E28AEC /* [CP] Embed Pods Frameworks */,
			);
			buildRules = (
			);
			dependencies = (
			);
			name = PryanikiTestProject;
			productName = PryanikiTestProject;
			productReference = 78F04FAC260602CB0001F53B /* PryanikiTestProject.app */;
			productType = "com.apple.product-type.application";
		};
/* End PBXNativeTarget section */

/* Begin PBXProject section */
		78F04FA4260602CB0001F53B /* Project object */ = {
			isa = PBXProject;
			attributes = {
				LastSwiftUpdateCheck = 1240;
				LastUpgradeCheck = 1240;
				TargetAttributes = {
					78F04FAB260602CB0001F53B = {
						CreatedOnToolsVersion = 12.4;
					};
				};
			};
			buildConfigurationList = 78F04FA7260602CB0001F53B /* Build configuration list for PBXProject "PryanikiTestProject" */;
			compatibilityVersion = "Xcode 9.3";
			developmentRegion = en;
			hasScannedForEncodings = 0;
			knownRegions = (
				en,
				Base,
			);
			mainGroup = 78F04FA3260602CB0001F53B;
			productRefGroup = 78F04FAD260602CB0001F53B /* Products */;
			projectDirPath = "";
			projectRoot = "";
			targets = (
				78F04FAB260602CB0001F53B /* PryanikiTestProject */,
			);
		};
/* End PBXProject section */

/* Begin PBXResourcesBuildPhase section */
		78F04FAA260602CB0001F53B /* Resources */ = {
			isa = PBXResourcesBuildPhase;
			buildActionMask = 2147483647;
			files = (
				78F04FBC260602CB0001F53B /* LaunchScreen.storyboard in Resources */,
				78D8E2BD260660B400DBC662 /* Sample.json in Resources */,
				78F04FB9260602CB0001F53B /* Assets.xcassets in Resources */,
				78F04FB7260602CB0001F53B /* Main.storyboard in Resources */,
			);
			runOnlyForDeploymentPostprocessing = 0;
		};
/* End PBXResourcesBuildPhase section */

/* Begin PBXShellScriptBuildPhase section */
		42475C4ACB079DFE825EB46B /* [CP] Check Pods Manifest.lock */ = {
			isa = PBXShellScriptBuildPhase;
			buildActionMask = 2147483647;
			files = (
			);
			inputFileListPaths = (
			);
			inputPaths = (
				"${PODS_PODFILE_DIR_PATH}/Podfile.lock",
				"${PODS_ROOT}/Manifest.lock",
			);
			name = "[CP] Check Pods Manifest.lock";
			outputFileListPaths = (
			);
			outputPaths = (
				"$(DERIVED_FILE_DIR)/Pods-PryanikiTestProject-checkManifestLockResult.txt",
			);
			runOnlyForDeploymentPostprocessing = 0;
			shellPath = /bin/sh;
			shellScript = "diff \"${PODS_PODFILE_DIR_PATH}/Podfile.lock\" \"${PODS_ROOT}/Manifest.lock\" > /dev/null\nif [ $? != 0 ] ; then\n    # print error to STDERR\n    echo \"error: The sandbox is not in sync with the Podfile.lock. Run 'pod install' or update your CocoaPods installation.\" >&2\n    exit 1\nfi\n# This output is used by Xcode 'outputs' to avoid re-running this script phase.\necho \"SUCCESS\" > \"${SCRIPT_OUTPUT_FILE_0}\"\n";
			showEnvVarsInLog = 0;
		};
		9EA4F90FEDADF060E5E28AEC /* [CP] Embed Pods Frameworks */ = {
			isa = PBXShellScriptBuildPhase;
			buildActionMask = 2147483647;
			files = (
			);
			inputFileListPaths = (
				"${PODS_ROOT}/Target Support Files/Pods-PryanikiTestProject/Pods-PryanikiTestProject-frameworks-${CONFIGURATION}-input-files.xcfilelist",
			);
			name = "[CP] Embed Pods Frameworks";
			outputFileListPaths = (
				"${PODS_ROOT}/Target Support Files/Pods-PryanikiTestProject/Pods-PryanikiTestProject-frameworks-${CONFIGURATION}-output-files.xcfilelist",
			);
			runOnlyForDeploymentPostprocessing = 0;
			shellPath = /bin/sh;
			shellScript = "\"${PODS_ROOT}/Target Support Files/Pods-PryanikiTestProject/Pods-PryanikiTestProject-frameworks.sh\"\n";
			showEnvVarsInLog = 0;
		};
/* End PBXShellScriptBuildPhase section */

/* Begin PBXSourcesBuildPhase section */
		78F04FA8260602CB0001F53B /* Sources */ = {
			isa = PBXSourcesBuildPhase;
			buildActionMask = 2147483647;
			files = (
				78F04FB4260602CB0001F53B /* ViewController.swift in Sources */,
				78C2558A260A5139002E9249 /* TextCollectionViewCell.swift in Sources */,
				78C25583260A4E9B002E9249 /* SelectorCollectionViewCell.swift in Sources */,
				78F04FB0260602CB0001F53B /* AppDelegate.swift in Sources */,
				7804952C26077DA000CB7051 /* UICollectionViewCell + identifier.swift in Sources */,
				78C25587260A508D002E9249 /* ImageCollectionViewCell.swift in Sources */,
				78D8E2B2260656A700DBC662 /* ViewModel.swift in Sources */,
				78F04FB2260602CB0001F53B /* SceneDelegate.swift in Sources */,
				78D8E2B92606602E00DBC662 /* Model.swift in Sources */,
			);
			runOnlyForDeploymentPostprocessing = 0;
		};
/* End PBXSourcesBuildPhase section */

/* Begin PBXVariantGroup section */
		78F04FB5260602CB0001F53B /* Main.storyboard */ = {
			isa = PBXVariantGroup;
			children = (
				78F04FB6260602CB0001F53B /* Base */,
			);
			name = Main.storyboard;
			sourceTree = "<group>";
		};
		78F04FBA260602CB0001F53B /* LaunchScreen.storyboard */ = {
			isa = PBXVariantGroup;
			children = (
				78F04FBB260602CB0001F53B /* Base */,
			);
			name = LaunchScreen.storyboard;
			sourceTree = "<group>";
		};
/* End PBXVariantGroup section */

/* Begin XCBuildConfiguration section */
		78F04FBE260602CB0001F53B /* Debug */ = {
			isa = XCBuildConfiguration;
			buildSettings = {
				ALWAYS_SEARCH_USER_PATHS = NO;
				CLANG_ANALYZER_NONNULL = YES;
				CLANG_ANALYZER_NUMBER_OBJECT_CONVERSION = YES_AGGRESSIVE;
				CLANG_CXX_LANGUAGE_STANDARD = "gnu++14";
				CLANG_CXX_LIBRARY = "libc++";
				CLANG_ENABLE_MODULES = YES;
				CLANG_ENABLE_OBJC_ARC = YES;
				CLANG_ENABLE_OBJC_WEAK = YES;
				CLANG_WARN_BLOCK_CAPTURE_AUTORELEASING = YES;
				CLANG_WARN_BOOL_CONVERSION = YES;
				CLANG_WARN_COMMA = YES;
				CLANG_WARN_CONSTANT_CONVERSION = YES;
				CLANG_WARN_DEPRECATED_OBJC_IMPLEMENTATIONS = YES;
				CLANG_WARN_DIRECT_OBJC_ISA_USAGE = YES_ERROR;
				CLANG_WARN_DOCUMENTATION_COMMENTS = YES;
				CLANG_WARN_EMPTY_BODY = YES;
				CLANG_WARN_ENUM_CONVERSION = YES;
				CLANG_WARN_INFINITE_RECURSION = YES;
				CLANG_WARN_INT_CONVERSION = YES;
				CLANG_WARN_NON_LITERAL_NULL_CONVERSION = YES;
				CLANG_WARN_OBJC_IMPLICIT_RETAIN_SELF = YES;
				CLANG_WARN_OBJC_LITERAL_CONVERSION = YES;
				CLANG_WARN_OBJC_ROOT_CLASS = YES_ERROR;
				CLANG_WARN_QUOTED_INCLUDE_IN_FRAMEWORK_HEADER = YES;
				CLANG_WARN_RANGE_LOOP_ANALYSIS = YES;
				CLANG_WARN_STRICT_PROTOTYPES = YES;
				CLANG_WARN_SUSPICIOUS_MOVE = YES;
				CLANG_WARN_UNGUARDED_AVAILABILITY = YES_AGGRESSIVE;
				CLANG_WARN_UNREACHABLE_CODE = YES;
				CLANG_WARN__DUPLICATE_METHOD_MATCH = YES;
				COPY_PHASE_STRIP = NO;
				DEBUG_INFORMATION_FORMAT = dwarf;
				ENABLE_STRICT_OBJC_MSGSEND = YES;
				ENABLE_TESTABILITY = YES;
				GCC_C_LANGUAGE_STANDARD = gnu11;
				GCC_DYNAMIC_NO_PIC = NO;
				GCC_NO_COMMON_BLOCKS = YES;
				GCC_OPTIMIZATION_LEVEL = 0;
				GCC_PREPROCESSOR_DEFINITIONS = (
					"DEBUG=1",
					"$(inherited)",
				);
				GCC_WARN_64_TO_32_BIT_CONVERSION = YES;
				GCC_WARN_ABOUT_RETURN_TYPE = YES_ERROR;
				GCC_WARN_UNDECLARED_SELECTOR = YES;
				GCC_WARN_UNINITIALIZED_AUTOS = YES_AGGRESSIVE;
				GCC_WARN_UNUSED_FUNCTION = YES;
				GCC_WARN_UNUSED_VARIABLE = YES;
				IPHONEOS_DEPLOYMENT_TARGET = 14.4;
				MTL_ENABLE_DEBUG_INFO = INCLUDE_SOURCE;
				MTL_FAST_MATH = YES;
				ONLY_ACTIVE_ARCH = YES;
				SDKROOT = iphoneos;
				SWIFT_ACTIVE_COMPILATION_CONDITIONS = DEBUG;
				SWIFT_OPTIMIZATION_LEVEL = "-Onone";
			};
			name = Debug;
		};
		78F04FBF260602CB0001F53B /* Release */ = {
			isa = XCBuildConfiguration;
			buildSettings = {
				ALWAYS_SEARCH_USER_PATHS = NO;
				CLANG_ANALYZER_NONNULL = YES;
				CLANG_ANALYZER_NUMBER_OBJECT_CONVERSION = YES_AGGRESSIVE;
				CLANG_CXX_LANGUAGE_STANDARD = "gnu++14";
				CLANG_CXX_LIBRARY = "libc++";
				CLANG_ENABLE_MODULES = YES;
				CLANG_ENABLE_OBJC_ARC = YES;
				CLANG_ENABLE_OBJC_WEAK = YES;
				CLANG_WARN_BLOCK_CAPTURE_AUTORELEASING = YES;
				CLANG_WARN_BOOL_CONVERSION = YES;
				CLANG_WARN_COMMA = YES;
				CLANG_WARN_CONSTANT_CONVERSION = YES;
				CLANG_WARN_DEPRECATED_OBJC_IMPLEMENTATIONS = YES;
				CLANG_WARN_DIRECT_OBJC_ISA_USAGE = YES_ERROR;
				CLANG_WARN_DOCUMENTATION_COMMENTS = YES;
				CLANG_WARN_EMPTY_BODY = YES;
				CLANG_WARN_ENUM_CONVERSION = YES;
				CLANG_WARN_INFINITE_RECURSION = YES;
				CLANG_WARN_INT_CONVERSION = YES;
				CLANG_WARN_NON_LITERAL_NULL_CONVERSION = YES;
				CLANG_WARN_OBJC_IMPLICIT_RETAIN_SELF = YES;
				CLANG_WARN_OBJC_LITERAL_CONVERSION = YES;
				CLANG_WARN_OBJC_ROOT_CLASS = YES_ERROR;
				CLANG_WARN_QUOTED_INCLUDE_IN_FRAMEWORK_HEADER = YES;
				CLANG_WARN_RANGE_LOOP_ANALYSIS = YES;
				CLANG_WARN_STRICT_PROTOTYPES = YES;
				CLANG_WARN_SUSPICIOUS_MOVE = YES;
				CLANG_WARN_UNGUARDED_AVAILABILITY = YES_AGGRESSIVE;
				CLANG_WARN_UNREACHABLE_CODE = YES;
				CLANG_WARN__DUPLICATE_METHOD_MATCH = YES;
				COPY_PHASE_STRIP = NO;
				DEBUG_INFORMATION_FORMAT = "dwarf-with-dsym";
				ENABLE_NS_ASSERTIONS = NO;
				ENABLE_STRICT_OBJC_MSGSEND = YES;
				GCC_C_LANGUAGE_STANDARD = gnu11;
				GCC_NO_COMMON_BLOCKS = YES;
				GCC_WARN_64_TO_32_BIT_CONVERSION = YES;
				GCC_WARN_ABOUT_RETURN_TYPE = YES_ERROR;
				GCC_WARN_UNDECLARED_SELECTOR = YES;
				GCC_WARN_UNINITIALIZED_AUTOS = YES_AGGRESSIVE;
				GCC_WARN_UNUSED_FUNCTION = YES;
				GCC_WARN_UNUSED_VARIABLE = YES;
				IPHONEOS_DEPLOYMENT_TARGET = 14.4;
				MTL_ENABLE_DEBUG_INFO = NO;
				MTL_FAST_MATH = YES;
				SDKROOT = iphoneos;
				SWIFT_COMPILATION_MODE = wholemodule;
				SWIFT_OPTIMIZATION_LEVEL = "-O";
				VALIDATE_PRODUCT = YES;
			};
			name = Release;
		};
		78F04FC1260602CB0001F53B /* Debug */ = {
			isa = XCBuildConfiguration;
			baseConfigurationReference = 1804F6D3734A90029BFE000F /* Pods-PryanikiTestProject.debug.xcconfig */;
			buildSettings = {
				ASSETCATALOG_COMPILER_APPICON_NAME = AppIcon;
				ASSETCATALOG_COMPILER_GLOBAL_ACCENT_COLOR_NAME = AccentColor;
				CODE_SIGN_STYLE = Automatic;
				DEVELOPMENT_TEAM = DY4HRQH94R;
				INFOPLIST_FILE = PryanikiTestProject/Info.plist;
				LD_RUNPATH_SEARCH_PATHS = (
					"$(inherited)",
					"@executable_path/Frameworks",
				);
				PRODUCT_BUNDLE_IDENTIFIER = Personal.PryanikiTestProject;
				PRODUCT_NAME = "$(TARGET_NAME)";
				SWIFT_VERSION = 5.0;
				TARGETED_DEVICE_FAMILY = 1;
			};
			name = Debug;
		};
		78F04FC2260602CB0001F53B /* Release */ = {
			isa = XCBuildConfiguration;
			baseConfigurationReference = B54A95AF6BE342F96DF14527 /* Pods-PryanikiTestProject.release.xcconfig */;
			buildSettings = {
				ASSETCATALOG_COMPILER_APPICON_NAME = AppIcon;
				ASSETCATALOG_COMPILER_GLOBAL_ACCENT_COLOR_NAME = AccentColor;
				CODE_SIGN_STYLE = Automatic;
				DEVELOPMENT_TEAM = DY4HRQH94R;
				INFOPLIST_FILE = PryanikiTestProject/Info.plist;
				LD_RUNPATH_SEARCH_PATHS = (
					"$(inherited)",
					"@executable_path/Frameworks",
				);
				PRODUCT_BUNDLE_IDENTIFIER = Personal.PryanikiTestProject;
				PRODUCT_NAME = "$(TARGET_NAME)";
				SWIFT_VERSION = 5.0;
				TARGETED_DEVICE_FAMILY = 1;
			};
			name = Release;
		};
/* End XCBuildConfiguration section */

/* Begin XCConfigurationList section */
		78F04FA7260602CB0001F53B /* Build configuration list for PBXProject "PryanikiTestProject" */ = {
			isa = XCConfigurationList;
			buildConfigurations = (
				78F04FBE260602CB0001F53B /* Debug */,
				78F04FBF260602CB0001F53B /* Release */,
			);
			defaultConfigurationIsVisible = 0;
			defaultConfigurationName = Release;
		};
		78F04FC0260602CB0001F53B /* Build configuration list for PBXNativeTarget "PryanikiTestProject" */ = {
			isa = XCConfigurationList;
			buildConfigurations = (
				78F04FC1260602CB0001F53B /* Debug */,
				78F04FC2260602CB0001F53B /* Release */,
			);
			defaultConfigurationIsVisible = 0;
			defaultConfigurationName = Release;
		};
/* End XCConfigurationList section */
	};
	rootObject = 78F04FA4260602CB0001F53B /* Project object */;
}
